
Microsoft Visual Studio Solution File, Format Version 12.00
# Visual Studio Version 17
VisualStudioVersion = 17.10.35027.167
MinimumVisualStudioVersion = 10.0.40219.1
Project("{FAE04EC0-301F-11D3-BF4B-00C04F79EFBC}") = "EmployeeCrudApi", "EmployeeCrudApi\EmployeeCrudApi.csproj", "{BA723F8F-DBCF-414E-9D8B-0CA517BBE12F}"
EndProject
Global
	GlobalSection(SolutionConfigurationPlatforms) = preSolution
		Debug|Any CPU = Debug|Any CPU
		Release|Any CPU = Release|Any CPU
	EndGlobalSection
	GlobalSection(ProjectConfigurationPlatforms) = postSolution
		{BA723F8F-DBCF-414E-9D8B-0CA517BBE12F}.Debug|Any CPU.ActiveCfg = Debug|Any CPU
		{BA723F8F-DBCF-414E-9D8B-0CA517BBE12F}.Debug|Any CPU.Build.0 = Debug|Any CPU
		{BA723F8F-DBCF-414E-9D8B-0CA517BBE12F}.Release|Any CPU.ActiveCfg = Release|Any CPU
		{BA723F8F-DBCF-414E-9D8B-0CA517BBE12F}.Release|Any CPU.Build.0 = Release|Any CPU
	EndGlobalSection
	GlobalSection(SolutionProperties) = preSolution
		HideSolutionNode = FALSE
	EndGlobalSection
	GlobalSection(ExtensibilityGlobals) = postSolution
		SolutionGuid = {31BF7769-62CE-42D8-A4C2-1AB316EE8EDD}
	EndGlobalSection
EndGlobal
